// !$*UTF8*$!
{
	archiveVersion = 1;
	classes = {
	};
	objectVersion = 46;
	objects = {

/* Begin PBXBuildFile section */
		DF132CE91CBD230F00F639E0 /* main.m in Sources */ = {isa = PBXBuildFile; fileRef = DF132CE81CBD230F00F639E0 /* main.m */; };
		DF132CEC1CBD230F00F639E0 /* AppDelegate.m in Sources */ = {isa = PBXBuildFile; fileRef = DF132CEB1CBD230F00F639E0 /* AppDelegate.m */; };
		DF132CEF1CBD230F00F639E0 /* ViewController.m in Sources */ = {isa = PBXBuildFile; fileRef = DF132CEE1CBD230F00F639E0 /* ViewController.m */; };
		DF132CF21CBD230F00F639E0 /* Main.storyboard in Resources */ = {isa = PBXBuildFile; fileRef = DF132CF01CBD230F00F639E0 /* Main.storyboard */; };
		DF132CF41CBD230F00F639E0 /* Assets.xcassets in Resources */ = {isa = PBXBuildFile; fileRef = DF132CF31CBD230F00F639E0 /* Assets.xcassets */; };
		DF132CF71CBD230F00F639E0 /* LaunchScreen.storyboard in Resources */ = {isa = PBXBuildFile; fileRef = DF132CF51CBD230F00F639E0 /* LaunchScreen.storyboard */; };
		DF132D021CBD230F00F639E0 /* FYSadViewTests.m in Sources */ = {isa = PBXBuildFile; fileRef = DF132D011CBD230F00F639E0 /* FYSadViewTests.m */; };
		DF132D0D1CBD230F00F639E0 /* FYSadViewUITests.m in Sources */ = {isa = PBXBuildFile; fileRef = DF132D0C1CBD230F00F639E0 /* FYSadViewUITests.m */; };
/* End PBXBuildFile section */

/* Begin PBXContainerItemProxy section */
		DF132CFE1CBD230F00F639E0 /* PBXContainerItemProxy */ = {
			isa = PBXContainerItemProxy;
			containerPortal = DF132CDC1CBD230F00F639E0 /* Project object */;
			proxyType = 1;
			remoteGlobalIDString = DF132CE31CBD230F00F639E0;
			remoteInfo = FYSadView;
		};
		DF132D091CBD230F00F639E0 /* PBXContainerItemProxy */ = {
			isa = PBXContainerItemProxy;
			containerPortal = DF132CDC1CBD230F00F639E0 /* Project object */;
			proxyType = 1;
			remoteGlobalIDString = DF132CE31CBD230F00F639E0;
			remoteInfo = FYSadView;
		};
/* End PBXContainerItemProxy section */

/* Begin PBXFileReference section */
		DF132CE41CBD230F00F639E0 /* FYSadView.app */ = {isa = PBXFileReference; explicitFileType = wrapper.application; includeInIndex = 0; path = FYSadView.app; sourceTree = BUILT_PRODUCTS_DIR; };
		DF132CE81CBD230F00F639E0 /* main.m */ = {isa = PBXFileReference; lastKnownFileType = sourcecode.c.objc; path = main.m; sourceTree = "<group>"; };
		DF132CEA1CBD230F00F639E0 /* AppDelegate.h */ = {isa = PBXFileReference; lastKnownFileType = sourcecode.c.h; path = AppDelegate.h; sourceTree = "<group>"; };
		DF132CEB1CBD230F00F639E0 /* AppDelegate.m */ = {isa = PBXFileReference; lastKnownFileType = sourcecode.c.objc; path = AppDelegate.m; sourceTree = "<group>"; };
		DF132CED1CBD230F00F639E0 /* ViewController.h */ = {isa = PBXFileReference; lastKnownFileType = sourcecode.c.h; path = ViewController.h; sourceTree = "<group>"; };
		DF132CEE1CBD230F00F639E0 /* ViewController.m */ = {isa = PBXFileReference; lastKnownFileType = sourcecode.c.objc; path = ViewController.m; sourceTree = "<group>"; };
		DF132CF11CBD230F00F639E0 /* Base */ = {isa = PBXFileReference; lastKnownFileType = file.storyboard; name = Base; path = Base.lproj/Main.storyboard; sourceTree = "<group>"; };
		DF132CF31CBD230F00F639E0 /* Assets.xcassets */ = {isa = PBXFileReference; lastKnownFileType = folder.assetcatalog; path = Assets.xcassets; sourceTree = "<group>"; };
		DF132CF61CBD230F00F639E0 /* Base */ = {isa = PBXFileReference; lastKnownFileType = file.storyboard; name = Base; path = Base.lproj/LaunchScreen.storyboard; sourceTree = "<group>"; };
		DF132CF81CBD230F00F639E0 /* Info.plist */ = {isa = PBXFileReference; lastKnownFileType = text.plist.xml; path = Info.plist; sourceTree = "<group>"; };
		DF132CFD1CBD230F00F639E0 /* FYSadViewTests.xctest */ = {isa = PBXFileReference; explicitFileType = wrapper.cfbundle; includeInIndex = 0; path = FYSadViewTests.xctest; sourceTree = BUILT_PRODUCTS_DIR; };
		DF132D011CBD230F00F639E0 /* FYSadViewTests.m */ = {isa = PBXFileReference; lastKnownFileType = sourcecode.c.objc; path = FYSadViewTests.m; sourceTree = "<group>"; };
		DF132D031CBD230F00F639E0 /* Info.plist */ = {isa = PBXFileReference; lastKnownFileType = text.plist.xml; path = Info.plist; sourceTree = "<group>"; };
		DF132D081CBD230F00F639E0 /* FYSadViewUITests.xctest */ = {isa = PBXFileReference; explicitFileType = wrapper.cfbundle; includeInIndex = 0; path = FYSadViewUITests.xctest; sourceTree = BUILT_PRODUCTS_DIR; };
		DF132D0C1CBD230F00F639E0 /* FYSadViewUITests.m */ = {isa = PBXFileReference; lastKnownFileType = sourcecode.c.objc; path = FYSadViewUITests.m; sourceTree = "<group>"; };
		DF132D0E1CBD230F00F639E0 /* Info.plist */ = {isa = PBXFileReference; lastKnownFileType = text.plist.xml; path = Info.plist; sourceTree = "<group>"; };
/* End PBXFileReference section */

/* Begin PBXFrameworksBuildPhase section */
		DF132CE11CBD230F00F639E0 /* Frameworks */ = {
			isa = PBXFrameworksBuildPhase;
			buildActionMask = 2147483647;
			files = (
			);
			runOnlyForDeploymentPostprocessing = 0;
		};
		DF132CFA1CBD230F00F639E0 /* Frameworks */ = {
			isa = PBXFrameworksBuildPhase;
			buildActionMask = 2147483647;
			files = (
			);
			runOnlyForDeploymentPostprocessing = 0;
		};
		DF132D051CBD230F00F639E0 /* Frameworks */ = {
			isa = PBXFrameworksBuildPhase;
			buildActionMask = 2147483647;
			files = (
			);
			runOnlyForDeploymentPostprocessing = 0;
		};
/* End PBXFrameworksBuildPhase section */

/* Begin PBXGroup section */
		DF132CDB1CBD230F00F639E0 = {
			isa = PBXGroup;
			children = (
				DF132CE61CBD230F00F639E0 /* FYSadView */,
				DF132D001CBD230F00F639E0 /* FYSadViewTests */,
				DF132D0B1CBD230F00F639E0 /* FYSadViewUITests */,
				DF132CE51CBD230F00F639E0 /* Products */,
			);
			sourceTree = "<group>";
		};
		DF132CE51CBD230F00F639E0 /* Products */ = {
			isa = PBXGroup;
			children = (
				DF132CE41CBD230F00F639E0 /* FYSadView.app */,
				DF132CFD1CBD230F00F639E0 /* FYSadViewTests.xctest */,
				DF132D081CBD230F00F639E0 /* FYSadViewUITests.xctest */,
			);
			name = Products;
			sourceTree = "<group>";
		};
		DF132CE61CBD230F00F639E0 /* FYSadView */ = {
			isa = PBXGroup;
			children = (
				DF132CEA1CBD230F00F639E0 /* AppDelegate.h */,
				DF132CEB1CBD230F00F639E0 /* AppDelegate.m */,
				DF132CED1CBD230F00F639E0 /* ViewController.h */,
				DF132CEE1CBD230F00F639E0 /* ViewController.m */,
				DF132CF01CBD230F00F639E0 /* Main.storyboard */,
				DF132CF31CBD230F00F639E0 /* Assets.xcassets */,
				DF132CF51CBD230F00F639E0 /* LaunchScreen.storyboard */,
				DF132CF81CBD230F00F639E0 /* Info.plist */,
				DF132CE71CBD230F00F639E0 /* Supporting Files */,
			);
			path = FYSadView;
			sourceTree = "<group>";
		};
		DF132CE71CBD230F00F639E0 /* Supporting Files */ = {
			isa = PBXGroup;
			children = (
				DF132CE81CBD230F00F639E0 /* main.m */,
			);
			name = "Supporting Files";
			sourceTree = "<group>";
		};
		DF132D001CBD230F00F639E0 /* FYSadViewTests */ = {
			isa = PBXGroup;
			children = (
				DF132D011CBD230F00F639E0 /* FYSadViewTests.m */,
				DF132D031CBD230F00F639E0 /* Info.plist */,
			);
			path = FYSadViewTests;
			sourceTree = "<group>";
		};
		DF132D0B1CBD230F00F639E0 /* FYSadViewUITests */ = {
			isa = PBXGroup;
			children = (
				DF132D0C1CBD230F00F639E0 /* FYSadViewUITests.m */,
				DF132D0E1CBD230F00F639E0 /* Info.plist */,
			);
			path = FYSadViewUITests;
			sourceTree = "<group>";
		};
/* End PBXGroup section */

/* Begin PBXNativeTarget section */
		DF132CE31CBD230F00F639E0 /* FYSadView */ = {
			isa = PBXNativeTarget;
			buildConfigurationList = DF132D111CBD230F00F639E0 /* Build configuration list for PBXNativeTarget "FYSadView" */;
			buildPhases = (
				DF132CE01CBD230F00F639E0 /* Sources */,
				DF132CE11CBD230F00F639E0 /* Frameworks */,
				DF132CE21CBD230F00F639E0 /* Resources */,
			);
			buildRules = (
			);
			dependencies = (
			);
			name = FYSadView;
			productName = FYSadView;
			productReference = DF132CE41CBD230F00F639E0 /* FYSadView.app */;
			productType = "com.apple.product-type.application";
		};
		DF132CFC1CBD230F00F639E0 /* FYSadViewTests */ = {
			isa = PBXNativeTarget;
			buildConfigurationList = DF132D141CBD230F00F639E0 /* Build configuration list for PBXNativeTarget "FYSadViewTests" */;
			buildPhases = (
				DF132CF91CBD230F00F639E0 /* Sources */,
				DF132CFA1CBD230F00F639E0 /* Frameworks */,
				DF132CFB1CBD230F00F639E0 /* Resources */,
			);
			buildRules = (
			);
			dependencies = (
				DF132CFF1CBD230F00F639E0 /* PBXTargetDependency */,
			);
			name = FYSadViewTests;
			productName = FYSadViewTests;
			productReference = DF132CFD1CBD230F00F639E0 /* FYSadViewTests.xctest */;
			productType = "com.apple.product-type.bundle.unit-test";
		};
		DF132D071CBD230F00F639E0 /* FYSadViewUITests */ = {
			isa = PBXNativeTarget;
			buildConfigurationList = DF132D171CBD230F00F639E0 /* Build configuration list for PBXNativeTarget "FYSadViewUITests" */;
			buildPhases = (
				DF132D041CBD230F00F639E0 /* Sources */,
				DF132D051CBD230F00F639E0 /* Frameworks */,
				DF132D061CBD230F00F639E0 /* Resources */,
			);
			buildRules = (
			);
			dependencies = (
				DF132D0A1CBD230F00F639E0 /* PBXTargetDependency */,
			);
			name = FYSadViewUITests;
			productName = FYSadViewUITests;
			productReference = DF132D081CBD230F00F639E0 /* FYSadViewUITests.xctest */;
			productType = "com.apple.product-type.bundle.ui-testing";
		};
/* End PBXNativeTarget section */

/* Begin PBXProject section */
		DF132CDC1CBD230F00F639E0 /* Project object */ = {
			isa = PBXProject;
			attributes = {
				LastUpgradeCheck = 0720;
				ORGANIZATIONNAME = "枫叶砂";
				TargetAttributes = {
					DF132CE31CBD230F00F639E0 = {
						CreatedOnToolsVersion = 7.2;
					};
					DF132CFC1CBD230F00F639E0 = {
						CreatedOnToolsVersion = 7.2;
						TestTargetID = DF132CE31CBD230F00F639E0;
					};
					DF132D071CBD230F00F639E0 = {
						CreatedOnToolsVersion = 7.2;
						TestTargetID = DF132CE31CBD230F00F639E0;
					};
				};
			};
			buildConfigurationList = DF132CDF1CBD230F00F639E0 /* Build configuration list for PBXProject "FYSadView" */;
			compatibilityVersion = "Xcode 3.2";
			developmentRegion = English;
			hasScannedForEncodings = 0;
			knownRegions = (
				en,
				Base,
			);
			mainGroup = DF132CDB1CBD230F00F639E0;
			productRefGroup = DF132CE51CBD230F00F639E0 /* Products */;
			projectDirPath = "";
			projectRoot = "";
			targets = (
				DF132CE31CBD230F00F639E0 /* FYSadView */,
				DF132CFC1CBD230F00F639E0 /* FYSadViewTests */,
				DF132D071CBD230F00F639E0 /* FYSadViewUITests */,
			);
		};
/* End PBXProject section */

/* Begin PBXResourcesBuildPhase section */
		DF132CE21CBD230F00F639E0 /* Resources */ = {
			isa = PBXResourcesBuildPhase;
			buildActionMask = 2147483647;
			files = (
				DF132CF71CBD230F00F639E0 /* LaunchScreen.storyboard in Resources */,
				DF132CF41CBD230F00F639E0 /* Assets.xcassets in Resources */,
				DF132CF21CBD230F00F639E0 /* Main.storyboard in Resources */,
			);
			runOnlyForDeploymentPostprocessing = 0;
		};
		DF132CFB1CBD230F00F639E0 /* Resources */ = {
			isa = PBXResourcesBuildPhase;
			buildActionMask = 2147483647;
			files = (
			);
			runOnlyForDeploymentPostprocessing = 0;
		};
		DF132D061CBD230F00F639E0 /* Resources */ = {
			isa = PBXResourcesBuildPhase;
			buildActionMask = 2147483647;
			files = (
			);
			runOnlyForDeploymentPostprocessing = 0;
		};
/* End PBXResourcesBuildPhase section */

/* Begin PBXSourcesBuildPhase section */
		DF132CE01CBD230F00F639E0 /* Sources */ = {
			isa = PBXSourcesBuildPhase;
			buildActionMask = 2147483647;
			files = (
				DF132CEF1CBD230F00F639E0 /* ViewController.m in Sources */,
				DF132CEC1CBD230F00F639E0 /* AppDelegate.m in Sources */,
				DF132CE91CBD230F00F639E0 /* main.m in Sources */,
			);
			runOnlyForDeploymentPostprocessing = 0;
		};
		DF132CF91CBD230F00F639E0 /* Sources */ = {
			isa = PBXSourcesBuildPhase;
			buildActionMask = 2147483647;
			files = (
				DF132D021CBD230F00F639E0 /* FYSadViewTests.m in Sources */,
			);
			runOnlyForDeploymentPostprocessing = 0;
		};
		DF132D041CBD230F00F639E0 /* Sources */ = {
			isa = PBXSourcesBuildPhase;
			buildActionMask = 2147483647;
			files = (
				DF132D0D1CBD230F00F639E0 /* FYSadViewUITests.m in Sources */,
			);
			runOnlyForDeploymentPostprocessing = 0;
		};
/* End PBXSourcesBuildPhase section */

/* Begin PBXTargetDependency section */
		DF132CFF1CBD230F00F639E0 /* PBXTargetDependency */ = {
			isa = PBXTargetDependency;
			target = DF132CE31CBD230F00F639E0 /* FYSadView */;
			targetProxy = DF132CFE1CBD230F00F639E0 /* PBXContainerItemProxy */;
		};
		DF132D0A1CBD230F00F639E0 /* PBXTargetDependency */ = {
			isa = PBXTargetDependency;
			target = DF132CE31CBD230F00F639E0 /* FYSadView */;
			targetProxy = DF132D091CBD230F00F639E0 /* PBXContainerItemProxy */;
		};
/* End PBXTargetDependency section */

/* Begin PBXVariantGroup section */
		DF132CF01CBD230F00F639E0 /* Main.storyboard */ = {
			isa = PBXVariantGroup;
			children = (
				DF132CF11CBD230F00F639E0 /* Base */,
			);
			name = Main.storyboard;
			sourceTree = "<group>";
		};
		DF132CF51CBD230F00F639E0 /* LaunchScreen.storyboard */ = {
			isa = PBXVariantGroup;
			children = (
				DF132CF61CBD230F00F639E0 /* Base */,
			);
			name = LaunchScreen.storyboard;
			sourceTree = "<group>";
		};
/* End PBXVariantGroup section */

/* Begin XCBuildConfiguration section */
		DF132D0F1CBD230F00F639E0 /* Debug */ = {
			isa = XCBuildConfiguration;
			buildSettings = {
				ALWAYS_SEARCH_USER_PATHS = NO;
				CLANG_CXX_LANGUAGE_STANDARD = "gnu++0x";
				CLANG_CXX_LIBRARY = "libc++";
				CLANG_ENABLE_MODULES = YES;
				CLANG_ENABLE_OBJC_ARC = YES;
				CLANG_WARN_BOOL_CONVERSION = YES;
				CLANG_WARN_CONSTANT_CONVERSION = YES;
				CLANG_WARN_DIRECT_OBJC_ISA_USAGE = YES_ERROR;
				CLANG_WARN_EMPTY_BODY = YES;
				CLANG_WARN_ENUM_CONVERSION = YES;
				CLANG_WARN_INT_CONVERSION = YES;
				CLANG_WARN_OBJC_ROOT_CLASS = YES_ERROR;
				CLANG_WARN_UNREACHABLE_CODE = YES;
				CLANG_WARN__DUPLICATE_METHOD_MATCH = YES;
				"CODE_SIGN_IDENTITY[sdk=iphoneos*]" = "iPhone Developer";
				COPY_PHASE_STRIP = NO;
				DEBUG_INFORMATION_FORMAT = dwarf;
				ENABLE_STRICT_OBJC_MSGSEND = YES;
				ENABLE_TESTABILITY = YES;
				GCC_C_LANGUAGE_STANDARD = gnu99;
				GCC_DYNAMIC_NO_PIC = NO;
				GCC_NO_COMMON_BLOCKS = YES;
				GCC_OPTIMIZATION_LEVEL = 0;
				GCC_PREPROCESSOR_DEFINITIONS = (
					"DEBUG=1",
					"$(inherited)",
				);
				GCC_WARN_64_TO_32_BIT_CONVERSION = YES;
				GCC_WARN_ABOUT_RETURN_TYPE = YES_ERROR;
				GCC_WARN_UNDECLARED_SELECTOR = YES;
				GCC_WARN_UNINITIALIZED_AUTOS = YES_AGGRESSIVE;
				GCC_WARN_UNUSED_FUNCTION = YES;
				GCC_WARN_UNUSED_VARIABLE = YES;
				IPHONEOS_DEPLOYMENT_TARGET = 9.2;
				MTL_ENABLE_DEBUG_INFO = YES;
				ONLY_ACTIVE_ARCH = YES;
				SDKROOT = iphoneos;
			};
			name = Debug;
		};
		DF132D101CBD230F00F639E0 /* Release */ = {
			isa = XCBuildConfiguration;
			buildSettings = {
				ALWAYS_SEARCH_USER_PATHS = NO;
				CLANG_CXX_LANGUAGE_STANDARD = "gnu++0x";
				CLANG_CXX_LIBRARY = "libc++";
				CLANG_ENABLE_MODULES = YES;
				CLANG_ENABLE_OBJC_ARC = YES;
				CLANG_WARN_BOOL_CONVERSION = YES;
				CLANG_WARN_CONSTANT_CONVERSION = YES;
				CLANG_WARN_DIRECT_OBJC_ISA_USAGE = YES_ERROR;
				CLANG_WARN_EMPTY_BODY = YES;
				CLANG_WARN_ENUM_CONVERSION = YES;
				CLANG_WARN_INT_CONVERSION = YES;
				CLANG_WARN_OBJC_ROOT_CLASS = YES_ERROR;
				CLANG_WARN_UNREACHABLE_CODE = YES;
				CLANG_WARN__DUPLICATE_METHOD_MATCH = YES;
				"CODE_SIGN_IDENTITY[sdk=iphoneos*]" = "iPhone Developer";
				COPY_PHASE_STRIP = NO;
				DEBUG_INFORMATION_FORMAT = "dwarf-with-dsym";
				ENABLE_NS_ASSERTIONS = NO;
				ENABLE_STRICT_OBJC_MSGSEND = YES;
				GCC_C_LANGUAGE_STANDARD = gnu99;
				GCC_NO_COMMON_BLOCKS = YES;
				GCC_WARN_64_TO_32_BIT_CONVERSION = YES;
				GCC_WARN_ABOUT_RETURN_TYPE = YES_ERROR;
				GCC_WARN_UNDECLARED_SELECTOR = YES;
				GCC_WARN_UNINITIALIZED_AUTOS = YES_AGGRESSIVE;
				GCC_WARN_UNUSED_FUNCTION = YES;
				GCC_WARN_UNUSED_VARIABLE = YES;
				IPHONEOS_DEPLOYMENT_TARGET = 9.2;
				MTL_ENABLE_DEBUG_INFO = NO;
				SDKROOT = iphoneos;
				VALIDATE_PRODUCT = YES;
			};
			name = Release;
		};
		DF132D121CBD230F00F639E0 /* Debug */ = {
			isa = XCBuildConfiguration;
			buildSettings = {
				ASSETCATALOG_COMPILER_APPICON_NAME = AppIcon;
				INFOPLIST_FILE = FYSadView/Info.plist;
				LD_RUNPATH_SEARCH_PATHS = "$(inherited) @executable_path/Frameworks";
				PRODUCT_BUNDLE_IDENTIFIER = com.FYS.FYSadView;
				PRODUCT_NAME = "$(TARGET_NAME)";
			};
			name = Debug;
		};
		DF132D131CBD230F00F639E0 /* Release */ = {
			isa = XCBuildConfiguration;
			buildSettings = {
				ASSETCATALOG_COMPILER_APPICON_NAME = AppIcon;
				INFOPLIST_FILE = FYSadView/Info.plist;
				LD_RUNPATH_SEARCH_PATHS = "$(inherited) @executable_path/Frameworks";
				PRODUCT_BUNDLE_IDENTIFIER = com.FYS.FYSadView;
				PRODUCT_NAME = "$(TARGET_NAME)";
			};
			name = Release;
		};
		DF132D151CBD230F00F639E0 /* Debug */ = {
			isa = XCBuildConfiguration;
			buildSettings = {
				BUNDLE_LOADER = "$(TEST_HOST)";
				INFOPLIST_FILE = FYSadViewTests/Info.plist;
				LD_RUNPATH_SEARCH_PATHS = "$(inherited) @executable_path/Frameworks @loader_path/Frameworks";
				PRODUCT_BUNDLE_IDENTIFIER = com.FYS.FYSadViewTests;
				PRODUCT_NAME = "$(TARGET_NAME)";
				TEST_HOST = "$(BUILT_PRODUCTS_DIR)/FYSadView.app/FYSadView";
			};
			name = Debug;
		};
		DF132D161CBD230F00F639E0 /* Release */ = {
			isa = XCBuildConfiguration;
			buildSettings = {
				BUNDLE_LOADER = "$(TEST_HOST)";
				INFOPLIST_FILE = FYSadViewTests/Info.plist;
				LD_RUNPATH_SEARCH_PATHS = "$(inherited) @executable_path/Frameworks @loader_path/Frameworks";
				PRODUCT_BUNDLE_IDENTIFIER = com.FYS.FYSadViewTests;
				PRODUCT_NAME = "$(TARGET_NAME)";
				TEST_HOST = "$(BUILT_PRODUCTS_DIR)/FYSadView.app/FYSadView";
			};
			name = Release;
		};
		DF132D181CBD230F00F639E0 /* Debug */ = {
			isa = XCBuildConfiguration;
			buildSettings = {
				INFOPLIST_FILE = FYSadViewUITests/Info.plist;
				LD_RUNPATH_SEARCH_PATHS = "$(inherited) @executable_path/Frameworks @loader_path/Frameworks";
				PRODUCT_BUNDLE_IDENTIFIER = com.FYS.FYSadViewUITests;
				PRODUCT_NAME = "$(TARGET_NAME)";
				TEST_TARGET_NAME = FYSadView;
				USES_XCTRUNNER = YES;
			};
			name = Debug;
		};
		DF132D191CBD230F00F639E0 /* Release */ = {
			isa = XCBuildConfiguration;
			buildSettings = {
				INFOPLIST_FILE = FYSadViewUITests/Info.plist;
				LD_RUNPATH_SEARCH_PATHS = "$(inherited) @executable_path/Frameworks @loader_path/Frameworks";
				PRODUCT_BUNDLE_IDENTIFIER = com.FYS.FYSadViewUITests;
				PRODUCT_NAME = "$(TARGET_NAME)";
				TEST_TARGET_NAME = FYSadView;
				USES_XCTRUNNER = YES;
			};
			name = Release;
		};
/* End XCBuildConfiguration section */

/* Begin XCConfigurationList section */
		DF132CDF1CBD230F00F639E0 /* Build configuration list for PBXProject "FYSadView" */ = {
			isa = XCConfigurationList;
			buildConfigurations = (
				DF132D0F1CBD230F00F639E0 /* Debug */,
				DF132D101CBD230F00F639E0 /* Release */,
			);
			defaultConfigurationIsVisible = 0;
			defaultConfigurationName = Release;
		};
		DF132D111CBD230F00F639E0 /* Build configuration list for PBXNativeTarget "FYSadView" */ = {
			isa = XCConfigurationList;
			buildConfigurations = (
				DF132D121CBD230F00F639E0 /* Debug */,
				DF132D131CBD230F00F639E0 /* Release */,
			);
			defaultConfigurationIsVisible = 0;
		};
		DF132D141CBD230F00F639E0 /* Build configuration list for PBXNativeTarget "FYSadViewTests" */ = {
			isa = XCConfigurationList;
			buildConfigurations = (
				DF132D151CBD230F00F639E0 /* Debug */,
				DF132D161CBD230F00F639E0 /* Release */,
			);
			defaultConfigurationIsVisible = 0;
		};
		DF132D171CBD230F00F639E0 /* Build configuration list for PBXNativeTarget "FYSadViewUITests" */ = {
			isa = XCConfigurationList;
			buildConfigurations = (
				DF132D181CBD230F00F639E0 /* Debug */,
				DF132D191CBD230F00F639E0 /* Release */,
			);
			defaultConfigurationIsVisible = 0;
		};
/* End XCConfigurationList section */
	};
	rootObject = DF132CDC1CBD230F00F639E0 /* Project object */;
}
